// !$*UTF8*$!
{
	archiveVersion = 1;
	classes = {
	};
	objectVersion = 55;
	objects = {

/* Begin PBXBuildFile section */
		3AAC7E21283FAD2A00481BB4 /* AppDelegate.swift in Sources */ = {isa = PBXBuildFile; fileRef = 3AAC7E20283FAD2A00481BB4 /* AppDelegate.swift */; };
		3AAC7E23283FAD2A00481BB4 /* SceneDelegate.swift in Sources */ = {isa = PBXBuildFile; fileRef = 3AAC7E22283FAD2A00481BB4 /* SceneDelegate.swift */; };
		3AAC7E25283FAD2A00481BB4 /* ViewController.swift in Sources */ = {isa = PBXBuildFile; fileRef = 3AAC7E24283FAD2A00481BB4 /* ViewController.swift */; };
		3AAC7E28283FAD2A00481BB4 /* Main.storyboard in Resources */ = {isa = PBXBuildFile; fileRef = 3AAC7E26283FAD2A00481BB4 /* Main.storyboard */; };
		3AAC7E2A283FAD2B00481BB4 /* Assets.xcassets in Resources */ = {isa = PBXBuildFile; fileRef = 3AAC7E29283FAD2B00481BB4 /* Assets.xcassets */; };
		3AAC7E2D283FAD2B00481BB4 /* LaunchScreen.storyboard in Resources */ = {isa = PBXBuildFile; fileRef = 3AAC7E2B283FAD2B00481BB4 /* LaunchScreen.storyboard */; };
		3AAC7E38283FAD2C00481BB4 /* PryanikiTestTests.swift in Sources */ = {isa = PBXBuildFile; fileRef = 3AAC7E37283FAD2C00481BB4 /* PryanikiTestTests.swift */; };
		3AAC7E42283FAD2C00481BB4 /* PryanikiTestUITests.swift in Sources */ = {isa = PBXBuildFile; fileRef = 3AAC7E41283FAD2C00481BB4 /* PryanikiTestUITests.swift */; };
		3AAC7E44283FAD2C00481BB4 /* PryanikiTestUITestsLaunchTests.swift in Sources */ = {isa = PBXBuildFile; fileRef = 3AAC7E43283FAD2C00481BB4 /* PryanikiTestUITestsLaunchTests.swift */; };
		3AAC7E56283FAEAF00481BB4 /* NetworkService.swift in Sources */ = {isa = PBXBuildFile; fileRef = 3AAC7E55283FAEAF00481BB4 /* NetworkService.swift */; };
		3AAC7E59283FAF0600481BB4 /* Alamofire in Frameworks */ = {isa = PBXBuildFile; productRef = 3AAC7E58283FAF0600481BB4 /* Alamofire */; };
		3AAC7E5B283FAFA400481BB4 /* Entity.swift in Sources */ = {isa = PBXBuildFile; fileRef = 3AAC7E5A283FAFA400481BB4 /* Entity.swift */; };
		3AC7220C283FBAB5000AD5EF /* imageLoaderExtension.swift in Sources */ = {isa = PBXBuildFile; fileRef = 3AC7220B283FBAB4000AD5EF /* imageLoaderExtension.swift */; };
		3AC7220F283FDD1D000AD5EF /* SwiftyJSON in Frameworks */ = {isa = PBXBuildFile; productRef = 3AC7220E283FDD1C000AD5EF /* SwiftyJSON */; };
		3AC72211283FE23F000AD5EF /* TableViewController.swift in Sources */ = {isa = PBXBuildFile; fileRef = 3AC72210283FE23F000AD5EF /* TableViewController.swift */; };
		3AC72215283FE5C0000AD5EF /* TextTableViewCell.swift in Sources */ = {isa = PBXBuildFile; fileRef = 3AC72213283FE5C0000AD5EF /* TextTableViewCell.swift */; };
		3AC72216283FE5C0000AD5EF /* TextTableViewCell.xib in Resources */ = {isa = PBXBuildFile; fileRef = 3AC72214283FE5C0000AD5EF /* TextTableViewCell.xib */; };
		3AC72218283FE669000AD5EF /* TextFactory.swift in Sources */ = {isa = PBXBuildFile; fileRef = 3AC72217283FE669000AD5EF /* TextFactory.swift */; };
/* End PBXBuildFile section */

/* Begin PBXContainerItemProxy section */
		3AAC7E34283FAD2C00481BB4 /* PBXContainerItemProxy */ = {
			isa = PBXContainerItemProxy;
			containerPortal = 3AAC7E15283FAD2A00481BB4 /* Project object */;
			proxyType = 1;
			remoteGlobalIDString = 3AAC7E1C283FAD2A00481BB4;
			remoteInfo = PryanikiTest;
		};
		3AAC7E3E283FAD2C00481BB4 /* PBXContainerItemProxy */ = {
			isa = PBXContainerItemProxy;
			containerPortal = 3AAC7E15283FAD2A00481BB4 /* Project object */;
			proxyType = 1;
			remoteGlobalIDString = 3AAC7E1C283FAD2A00481BB4;
			remoteInfo = PryanikiTest;
		};
/* End PBXContainerItemProxy section */

/* Begin PBXFileReference section */
		3AAC7E1D283FAD2A00481BB4 /* PryanikiTest.app */ = {isa = PBXFileReference; explicitFileType = wrapper.application; includeInIndex = 0; path = PryanikiTest.app; sourceTree = BUILT_PRODUCTS_DIR; };
		3AAC7E20283FAD2A00481BB4 /* AppDelegate.swift */ = {isa = PBXFileReference; lastKnownFileType = sourcecode.swift; path = AppDelegate.swift; sourceTree = "<group>"; };
		3AAC7E22283FAD2A00481BB4 /* SceneDelegate.swift */ = {isa = PBXFileReference; lastKnownFileType = sourcecode.swift; path = SceneDelegate.swift; sourceTree = "<group>"; };
		3AAC7E24283FAD2A00481BB4 /* ViewController.swift */ = {isa = PBXFileReference; lastKnownFileType = sourcecode.swift; path = ViewController.swift; sourceTree = "<group>"; };
		3AAC7E27283FAD2A00481BB4 /* Base */ = {isa = PBXFileReference; lastKnownFileType = file.storyboard; name = Base; path = Base.lproj/Main.storyboard; sourceTree = "<group>"; };
		3AAC7E29283FAD2B00481BB4 /* Assets.xcassets */ = {isa = PBXFileReference; lastKnownFileType = folder.assetcatalog; path = Assets.xcassets; sourceTree = "<group>"; };
		3AAC7E2C283FAD2B00481BB4 /* Base */ = {isa = PBXFileReference; lastKnownFileType = file.storyboard; name = Base; path = Base.lproj/LaunchScreen.storyboard; sourceTree = "<group>"; };
		3AAC7E2E283FAD2B00481BB4 /* Info.plist */ = {isa = PBXFileReference; lastKnownFileType = text.plist.xml; path = Info.plist; sourceTree = "<group>"; };
		3AAC7E33283FAD2C00481BB4 /* PryanikiTestTests.xctest */ = {isa = PBXFileReference; explicitFileType = wrapper.cfbundle; includeInIndex = 0; path = PryanikiTestTests.xctest; sourceTree = BUILT_PRODUCTS_DIR; };
		3AAC7E37283FAD2C00481BB4 /* PryanikiTestTests.swift */ = {isa = PBXFileReference; lastKnownFileType = sourcecode.swift; path = PryanikiTestTests.swift; sourceTree = "<group>"; };
		3AAC7E3D283FAD2C00481BB4 /* PryanikiTestUITests.xctest */ = {isa = PBXFileReference; explicitFileType = wrapper.cfbundle; includeInIndex = 0; path = PryanikiTestUITests.xctest; sourceTree = BUILT_PRODUCTS_DIR; };
		3AAC7E41283FAD2C00481BB4 /* PryanikiTestUITests.swift */ = {isa = PBXFileReference; lastKnownFileType = sourcecode.swift; path = PryanikiTestUITests.swift; sourceTree = "<group>"; };
		3AAC7E43283FAD2C00481BB4 /* PryanikiTestUITestsLaunchTests.swift */ = {isa = PBXFileReference; lastKnownFileType = sourcecode.swift; path = PryanikiTestUITestsLaunchTests.swift; sourceTree = "<group>"; };
		3AAC7E55283FAEAF00481BB4 /* NetworkService.swift */ = {isa = PBXFileReference; lastKnownFileType = sourcecode.swift; path = NetworkService.swift; sourceTree = "<group>"; };
		3AAC7E5A283FAFA400481BB4 /* Entity.swift */ = {isa = PBXFileReference; lastKnownFileType = sourcecode.swift; path = Entity.swift; sourceTree = "<group>"; };
		3AC7220B283FBAB4000AD5EF /* imageLoaderExtension.swift */ = {isa = PBXFileReference; lastKnownFileType = sourcecode.swift; path = imageLoaderExtension.swift; sourceTree = "<group>"; };
		3AC72210283FE23F000AD5EF /* TableViewController.swift */ = {isa = PBXFileReference; lastKnownFileType = sourcecode.swift; path = TableViewController.swift; sourceTree = "<group>"; };
		3AC72213283FE5C0000AD5EF /* TextTableViewCell.swift */ = {isa = PBXFileReference; lastKnownFileType = sourcecode.swift; path = TextTableViewCell.swift; sourceTree = "<group>"; };
		3AC72214283FE5C0000AD5EF /* TextTableViewCell.xib */ = {isa = PBXFileReference; lastKnownFileType = file.xib; path = TextTableViewCell.xib; sourceTree = "<group>"; };
		3AC72217283FE669000AD5EF /* TextFactory.swift */ = {isa = PBXFileReference; lastKnownFileType = sourcecode.swift; path = TextFactory.swift; sourceTree = "<group>"; };
/* End PBXFileReference section */

/* Begin PBXFrameworksBuildPhase section */
		3AAC7E1A283FAD2A00481BB4 /* Frameworks */ = {
			isa = PBXFrameworksBuildPhase;
			buildActionMask = 2147483647;
			files = (
				3AC7220F283FDD1D000AD5EF /* SwiftyJSON in Frameworks */,
				3AAC7E59283FAF0600481BB4 /* Alamofire in Frameworks */,
			);
			runOnlyForDeploymentPostprocessing = 0;
		};
		3AAC7E30283FAD2C00481BB4 /* Frameworks */ = {
			isa = PBXFrameworksBuildPhase;
			buildActionMask = 2147483647;
			files = (
			);
			runOnlyForDeploymentPostprocessing = 0;
		};
		3AAC7E3A283FAD2C00481BB4 /* Frameworks */ = {
			isa = PBXFrameworksBuildPhase;
			buildActionMask = 2147483647;
			files = (
			);
			runOnlyForDeploymentPostprocessing = 0;
		};
/* End PBXFrameworksBuildPhase section */

/* Begin PBXGroup section */
		3AAC7E14283FAD2A00481BB4 = {
			isa = PBXGroup;
			children = (
				3AAC7E1F283FAD2A00481BB4 /* PryanikiTest */,
				3AAC7E36283FAD2C00481BB4 /* PryanikiTestTests */,
				3AAC7E40283FAD2C00481BB4 /* PryanikiTestUITests */,
				3AAC7E1E283FAD2A00481BB4 /* Products */,
			);
			sourceTree = "<group>";
		};
		3AAC7E1E283FAD2A00481BB4 /* Products */ = {
			isa = PBXGroup;
			children = (
				3AAC7E1D283FAD2A00481BB4 /* PryanikiTest.app */,
				3AAC7E33283FAD2C00481BB4 /* PryanikiTestTests.xctest */,
				3AAC7E3D283FAD2C00481BB4 /* PryanikiTestUITests.xctest */,
			);
			name = Products;
			sourceTree = "<group>";
		};
		3AAC7E1F283FAD2A00481BB4 /* PryanikiTest */ = {
			isa = PBXGroup;
			children = (
				3AAC7E2E283FAD2B00481BB4 /* Info.plist */,
				3AAC7E54283FADB300481BB4 /* Resources */,
				3AAC7E53283FAD8900481BB4 /* Core */,
				3AAC7E52283FAD7B00481BB4 /* API */,
				3AAC7E51283FAD7300481BB4 /* Flows */,
				3AAC7E50283FAD6800481BB4 /* Entities */,
			);
			path = PryanikiTest;
			sourceTree = "<group>";
		};
		3AAC7E36283FAD2C00481BB4 /* PryanikiTestTests */ = {
			isa = PBXGroup;
			children = (
				3AAC7E37283FAD2C00481BB4 /* PryanikiTestTests.swift */,
			);
			path = PryanikiTestTests;
			sourceTree = "<group>";
		};
		3AAC7E40283FAD2C00481BB4 /* PryanikiTestUITests */ = {
			isa = PBXGroup;
			children = (
				3AAC7E41283FAD2C00481BB4 /* PryanikiTestUITests.swift */,
				3AAC7E43283FAD2C00481BB4 /* PryanikiTestUITestsLaunchTests.swift */,
			);
			path = PryanikiTestUITests;
			sourceTree = "<group>";
		};
		3AAC7E50283FAD6800481BB4 /* Entities */ = {
			isa = PBXGroup;
			children = (
				3AAC7E5A283FAFA400481BB4 /* Entity.swift */,
			);
			path = Entities;
			sourceTree = "<group>";
		};
		3AAC7E51283FAD7300481BB4 /* Flows */ = {
			isa = PBXGroup;
			children = (
				3AC72212283FE514000AD5EF /* Cells */,
				3AAC7E24283FAD2A00481BB4 /* ViewController.swift */,
				3AAC7E26283FAD2A00481BB4 /* Main.storyboard */,
				3AAC7E2B283FAD2B00481BB4 /* LaunchScreen.storyboard */,
				3AC72210283FE23F000AD5EF /* TableViewController.swift */,
			);
			path = Flows;
			sourceTree = "<group>";
		};
		3AAC7E52283FAD7B00481BB4 /* API */ = {
			isa = PBXGroup;
			children = (
				3AAC7E55283FAEAF00481BB4 /* NetworkService.swift */,
			);
			path = API;
			sourceTree = "<group>";
		};
		3AAC7E53283FAD8900481BB4 /* Core */ = {
			isa = PBXGroup;
			children = (
				3AC7220A283FB982000AD5EF /* Extensions */,
				3AAC7E20283FAD2A00481BB4 /* AppDelegate.swift */,
				3AAC7E22283FAD2A00481BB4 /* SceneDelegate.swift */,
			);
			path = Core;
			sourceTree = "<group>";
		};
		3AAC7E54283FADB300481BB4 /* Resources */ = {
			isa = PBXGroup;
			children = (
				3AAC7E29283FAD2B00481BB4 /* Assets.xcassets */,
			);
			path = Resources;
			sourceTree = "<group>";
		};
		3AC7220A283FB982000AD5EF /* Extensions */ = {
			isa = PBXGroup;
			children = (
				3AC7220B283FBAB4000AD5EF /* imageLoaderExtension.swift */,
			);
			path = Extensions;
			sourceTree = "<group>";
		};
		3AC72212283FE514000AD5EF /* Cells */ = {
			isa = PBXGroup;
			children = (
				3AC72213283FE5C0000AD5EF /* TextTableViewCell.swift */,
				3AC72214283FE5C0000AD5EF /* TextTableViewCell.xib */,
				3AC72217283FE669000AD5EF /* TextFactory.swift */,
			);
			path = Cells;
			sourceTree = "<group>";
		};
/* End PBXGroup section */

/* Begin PBXNativeTarget section */
		3AAC7E1C283FAD2A00481BB4 /* PryanikiTest */ = {
			isa = PBXNativeTarget;
			buildConfigurationList = 3AAC7E47283FAD2C00481BB4 /* Build configuration list for PBXNativeTarget "PryanikiTest" */;
			buildPhases = (
				3AAC7E19283FAD2A00481BB4 /* Sources */,
				3AAC7E1A283FAD2A00481BB4 /* Frameworks */,
				3AAC7E1B283FAD2A00481BB4 /* Resources */,
			);
			buildRules = (
			);
			dependencies = (
			);
			name = PryanikiTest;
			packageProductDependencies = (
				3AAC7E58283FAF0600481BB4 /* Alamofire */,
				3AC7220E283FDD1C000AD5EF /* SwiftyJSON */,
			);
			productName = PryanikiTest;
			productReference = 3AAC7E1D283FAD2A00481BB4 /* PryanikiTest.app */;
			productType = "com.apple.product-type.application";
		};
		3AAC7E32283FAD2C00481BB4 /* PryanikiTestTests */ = {
			isa = PBXNativeTarget;
			buildConfigurationList = 3AAC7E4A283FAD2C00481BB4 /* Build configuration list for PBXNativeTarget "PryanikiTestTests" */;
			buildPhases = (
				3AAC7E2F283FAD2C00481BB4 /* Sources */,
				3AAC7E30283FAD2C00481BB4 /* Frameworks */,
				3AAC7E31283FAD2C00481BB4 /* Resources */,
			);
			buildRules = (
			);
			dependencies = (
				3AAC7E35283FAD2C00481BB4 /* PBXTargetDependency */,
			);
			name = PryanikiTestTests;
			productName = PryanikiTestTests;
			productReference = 3AAC7E33283FAD2C00481BB4 /* PryanikiTestTests.xctest */;
			productType = "com.apple.product-type.bundle.unit-test";
		};
		3AAC7E3C283FAD2C00481BB4 /* PryanikiTestUITests */ = {
			isa = PBXNativeTarget;
			buildConfigurationList = 3AAC7E4D283FAD2C00481BB4 /* Build configuration list for PBXNativeTarget "PryanikiTestUITests" */;
			buildPhases = (
				3AAC7E39283FAD2C00481BB4 /* Sources */,
				3AAC7E3A283FAD2C00481BB4 /* Frameworks */,
				3AAC7E3B283FAD2C00481BB4 /* Resources */,
			);
			buildRules = (
			);
			dependencies = (
				3AAC7E3F283FAD2C00481BB4 /* PBXTargetDependency */,
			);
			name = PryanikiTestUITests;
			productName = PryanikiTestUITests;
			productReference = 3AAC7E3D283FAD2C00481BB4 /* PryanikiTestUITests.xctest */;
			productType = "com.apple.product-type.bundle.ui-testing";
		};
/* End PBXNativeTarget section */

/* Begin PBXProject section */
		3AAC7E15283FAD2A00481BB4 /* Project object */ = {
			isa = PBXProject;
			attributes = {
				BuildIndependentTargetsInParallel = 1;
				LastSwiftUpdateCheck = 1340;
				LastUpgradeCheck = 1340;
				TargetAttributes = {
					3AAC7E1C283FAD2A00481BB4 = {
						CreatedOnToolsVersion = 13.4;
					};
					3AAC7E32283FAD2C00481BB4 = {
						CreatedOnToolsVersion = 13.4;
						TestTargetID = 3AAC7E1C283FAD2A00481BB4;
					};
					3AAC7E3C283FAD2C00481BB4 = {
						CreatedOnToolsVersion = 13.4;
						TestTargetID = 3AAC7E1C283FAD2A00481BB4;
					};
				};
			};
			buildConfigurationList = 3AAC7E18283FAD2A00481BB4 /* Build configuration list for PBXProject "PryanikiTest" */;
			compatibilityVersion = "Xcode 13.0";
			developmentRegion = en;
			hasScannedForEncodings = 0;
			knownRegions = (
				en,
				Base,
			);
			mainGroup = 3AAC7E14283FAD2A00481BB4;
			packageReferences = (
				3AAC7E57283FAF0600481BB4 /* XCRemoteSwiftPackageReference "Alamofire" */,
				3AC7220D283FDD1C000AD5EF /* XCRemoteSwiftPackageReference "SwiftyJSON" */,
			);
			productRefGroup = 3AAC7E1E283FAD2A00481BB4 /* Products */;
			projectDirPath = "";
			projectRoot = "";
			targets = (
				3AAC7E1C283FAD2A00481BB4 /* PryanikiTest */,
				3AAC7E32283FAD2C00481BB4 /* PryanikiTestTests */,
				3AAC7E3C283FAD2C00481BB4 /* PryanikiTestUITests */,
			);
		};
/* End PBXProject section */

/* Begin PBXResourcesBuildPhase section */
		3AAC7E1B283FAD2A00481BB4 /* Resources */ = {
			isa = PBXResourcesBuildPhase;
			buildActionMask = 2147483647;
			files = (
				3AAC7E2D283FAD2B00481BB4 /* LaunchScreen.storyboard in Resources */,
				3AAC7E2A283FAD2B00481BB4 /* Assets.xcassets in Resources */,
				3AC72216283FE5C0000AD5EF /* TextTableViewCell.xib in Resources */,
				3AAC7E28283FAD2A00481BB4 /* Main.storyboard in Resources */,
			);
			runOnlyForDeploymentPostprocessing = 0;
		};
		3AAC7E31283FAD2C00481BB4 /* Resources */ = {
			isa = PBXResourcesBuildPhase;
			buildActionMask = 2147483647;
			files = (
			);
			runOnlyForDeploymentPostprocessing = 0;
		};
		3AAC7E3B283FAD2C00481BB4 /* Resources */ = {
			isa = PBXResourcesBuildPhase;
			buildActionMask = 2147483647;
			files = (
			);
			runOnlyForDeploymentPostprocessing = 0;
		};
/* End PBXResourcesBuildPhase section */

/* Begin PBXSourcesBuildPhase section */
		3AAC7E19283FAD2A00481BB4 /* Sources */ = {
			isa = PBXSourcesBuildPhase;
			buildActionMask = 2147483647;
			files = (
				3AC7220C283FBAB5000AD5EF /* imageLoaderExtension.swift in Sources */,
				3AC72211283FE23F000AD5EF /* TableViewController.swift in Sources */,
				3AC72215283FE5C0000AD5EF /* TextTableViewCell.swift in Sources */,
				3AAC7E25283FAD2A00481BB4 /* ViewController.swift in Sources */,
				3AAC7E5B283FAFA400481BB4 /* Entity.swift in Sources */,
				3AAC7E21283FAD2A00481BB4 /* AppDelegate.swift in Sources */,
				3AAC7E56283FAEAF00481BB4 /* NetworkService.swift in Sources */,
				3AC72218283FE669000AD5EF /* TextFactory.swift in Sources */,
				3AAC7E23283FAD2A00481BB4 /* SceneDelegate.swift in Sources */,
			);
			runOnlyForDeploymentPostprocessing = 0;
		};
		3AAC7E2F283FAD2C00481BB4 /* Sources */ = {
			isa = PBXSourcesBuildPhase;
			buildActionMask = 2147483647;
			files = (
				3AAC7E38283FAD2C00481BB4 /* PryanikiTestTests.swift in Sources */,
			);
			runOnlyForDeploymentPostprocessing = 0;
		};
		3AAC7E39283FAD2C00481BB4 /* Sources */ = {
			isa = PBXSourcesBuildPhase;
			buildActionMask = 2147483647;
			files = (
				3AAC7E42283FAD2C00481BB4 /* PryanikiTestUITests.swift in Sources */,
				3AAC7E44283FAD2C00481BB4 /* PryanikiTestUITestsLaunchTests.swift in Sources */,
			);
			runOnlyForDeploymentPostprocessing = 0;
		};
/* End PBXSourcesBuildPhase section */

/* Begin PBXTargetDependency section */
		3AAC7E35283FAD2C00481BB4 /* PBXTargetDependency */ = {
			isa = PBXTargetDependency;
			target = 3AAC7E1C283FAD2A00481BB4 /* PryanikiTest */;
			targetProxy = 3AAC7E34283FAD2C00481BB4 /* PBXContainerItemProxy */;
		};
		3AAC7E3F283FAD2C00481BB4 /* PBXTargetDependency */ = {
			isa = PBXTargetDependency;
			target = 3AAC7E1C283FAD2A00481BB4 /* PryanikiTest */;
			targetProxy = 3AAC7E3E283FAD2C00481BB4 /* PBXContainerItemProxy */;
		};
/* End PBXTargetDependency section */

/* Begin PBXVariantGroup section */
		3AAC7E26283FAD2A00481BB4 /* Main.storyboard */ = {
			isa = PBXVariantGroup;
			children = (
				3AAC7E27283FAD2A00481BB4 /* Base */,
			);
			name = Main.storyboard;
			sourceTree = "<group>";
		};
		3AAC7E2B283FAD2B00481BB4 /* LaunchScreen.storyboard */ = {
			isa = PBXVariantGroup;
			children = (
				3AAC7E2C283FAD2B00481BB4 /* Base */,
			);
			name = LaunchScreen.storyboard;
			sourceTree = "<group>";
		};
/* End PBXVariantGroup section */

/* Begin XCBuildConfiguration section */
		3AAC7E45283FAD2C00481BB4 /* Debug */ = {
			isa = XCBuildConfiguration;
			buildSettings = {
				ALWAYS_SEARCH_USER_PATHS = NO;
				CLANG_ANALYZER_NONNULL = YES;
				CLANG_ANALYZER_NUMBER_OBJECT_CONVERSION = YES_AGGRESSIVE;
				CLANG_CXX_LANGUAGE_STANDARD = "gnu++17";
				CLANG_ENABLE_MODULES = YES;
				CLANG_ENABLE_OBJC_ARC = YES;
				CLANG_ENABLE_OBJC_WEAK = YES;
				CLANG_WARN_BLOCK_CAPTURE_AUTORELEASING = YES;
				CLANG_WARN_BOOL_CONVERSION = YES;
				CLANG_WARN_COMMA = YES;
				CLANG_WARN_CONSTANT_CONVERSION = YES;
				CLANG_WARN_DEPRECATED_OBJC_IMPLEMENTATIONS = YES;
				CLANG_WARN_DIRECT_OBJC_ISA_USAGE = YES_ERROR;
				CLANG_WARN_DOCUMENTATION_COMMENTS = YES;
				CLANG_WARN_EMPTY_BODY = YES;
				CLANG_WARN_ENUM_CONVERSION = YES;
				CLANG_WARN_INFINITE_RECURSION = YES;
				CLANG_WARN_INT_CONVERSION = YES;
				CLANG_WARN_NON_LITERAL_NULL_CONVERSION = YES;
				CLANG_WARN_OBJC_IMPLICIT_RETAIN_SELF = YES;
				CLANG_WARN_OBJC_LITERAL_CONVERSION = YES;
				CLANG_WARN_OBJC_ROOT_CLASS = YES_ERROR;
				CLANG_WARN_QUOTED_INCLUDE_IN_FRAMEWORK_HEADER = YES;
				CLANG_WARN_RANGE_LOOP_ANALYSIS = YES;
				CLANG_WARN_STRICT_PROTOTYPES = YES;
				CLANG_WARN_SUSPICIOUS_MOVE = YES;
				CLANG_WARN_UNGUARDED_AVAILABILITY = YES_AGGRESSIVE;
				CLANG_WARN_UNREACHABLE_CODE = YES;
				CLANG_WARN__DUPLICATE_METHOD_MATCH = YES;
				COPY_PHASE_STRIP = NO;
				DEBUG_INFORMATION_FORMAT = dwarf;
				ENABLE_STRICT_OBJC_MSGSEND = YES;
				ENABLE_TESTABILITY = YES;
				GCC_C_LANGUAGE_STANDARD = gnu11;
				GCC_DYNAMIC_NO_PIC = NO;
				GCC_NO_COMMON_BLOCKS = YES;
				GCC_OPTIMIZATION_LEVEL = 0;
				GCC_PREPROCESSOR_DEFINITIONS = (
					"DEBUG=1",
					"$(inherited)",
				);
				GCC_WARN_64_TO_32_BIT_CONVERSION = YES;
				GCC_WARN_ABOUT_RETURN_TYPE = YES_ERROR;
				GCC_WARN_UNDECLARED_SELECTOR = YES;
				GCC_WARN_UNINITIALIZED_AUTOS = YES_AGGRESSIVE;
				GCC_WARN_UNUSED_FUNCTION = YES;
				GCC_WARN_UNUSED_VARIABLE = YES;
				IPHONEOS_DEPLOYMENT_TARGET = 15.5;
				MTL_ENABLE_DEBUG_INFO = INCLUDE_SOURCE;
				MTL_FAST_MATH = YES;
				ONLY_ACTIVE_ARCH = YES;
				SDKROOT = iphoneos;
				SWIFT_ACTIVE_COMPILATION_CONDITIONS = DEBUG;
				SWIFT_OPTIMIZATION_LEVEL = "-Onone";
			};
			name = Debug;
		};
		3AAC7E46283FAD2C00481BB4 /* Release */ = {
			isa = XCBuildConfiguration;
			buildSettings = {
				ALWAYS_SEARCH_USER_PATHS = NO;
				CLANG_ANALYZER_NONNULL = YES;
				CLANG_ANALYZER_NUMBER_OBJECT_CONVERSION = YES_AGGRESSIVE;
				CLANG_CXX_LANGUAGE_STANDARD = "gnu++17";
				CLANG_ENABLE_MODULES = YES;
				CLANG_ENABLE_OBJC_ARC = YES;
				CLANG_ENABLE_OBJC_WEAK = YES;
				CLANG_WARN_BLOCK_CAPTURE_AUTORELEASING = YES;
				CLANG_WARN_BOOL_CONVERSION = YES;
				CLANG_WARN_COMMA = YES;
				CLANG_WARN_CONSTANT_CONVERSION = YES;
				CLANG_WARN_DEPRECATED_OBJC_IMPLEMENTATIONS = YES;
				CLANG_WARN_DIRECT_OBJC_ISA_USAGE = YES_ERROR;
				CLANG_WARN_DOCUMENTATION_COMMENTS = YES;
				CLANG_WARN_EMPTY_BODY = YES;
				CLANG_WARN_ENUM_CONVERSION = YES;
				CLANG_WARN_INFINITE_RECURSION = YES;
				CLANG_WARN_INT_CONVERSION = YES;
				CLANG_WARN_NON_LITERAL_NULL_CONVERSION = YES;
				CLANG_WARN_OBJC_IMPLICIT_RETAIN_SELF = YES;
				CLANG_WARN_OBJC_LITERAL_CONVERSION = YES;
				CLANG_WARN_OBJC_ROOT_CLASS = YES_ERROR;
				CLANG_WARN_QUOTED_INCLUDE_IN_FRAMEWORK_HEADER = YES;
				CLANG_WARN_RANGE_LOOP_ANALYSIS = YES;
				CLANG_WARN_STRICT_PROTOTYPES = YES;
				CLANG_WARN_SUSPICIOUS_MOVE = YES;
				CLANG_WARN_UNGUARDED_AVAILABILITY = YES_AGGRESSIVE;
				CLANG_WARN_UNREACHABLE_CODE = YES;
				CLANG_WARN__DUPLICATE_METHOD_MATCH = YES;
				COPY_PHASE_STRIP = NO;
				DEBUG_INFORMATION_FORMAT = "dwarf-with-dsym";
				ENABLE_NS_ASSERTIONS = NO;
				ENABLE_STRICT_OBJC_MSGSEND = YES;
				GCC_C_LANGUAGE_STANDARD = gnu11;
				GCC_NO_COMMON_BLOCKS = YES;
				GCC_WARN_64_TO_32_BIT_CONVERSION = YES;
				GCC_WARN_ABOUT_RETURN_TYPE = YES_ERROR;
				GCC_WARN_UNDECLARED_SELECTOR = YES;
				GCC_WARN_UNINITIALIZED_AUTOS = YES_AGGRESSIVE;
				GCC_WARN_UNUSED_FUNCTION = YES;
				GCC_WARN_UNUSED_VARIABLE = YES;
				IPHONEOS_DEPLOYMENT_TARGET = 15.5;
				MTL_ENABLE_DEBUG_INFO = NO;
				MTL_FAST_MATH = YES;
				SDKROOT = iphoneos;
				SWIFT_COMPILATION_MODE = wholemodule;
				SWIFT_OPTIMIZATION_LEVEL = "-O";
				VALIDATE_PRODUCT = YES;
			};
			name = Release;
		};
		3AAC7E48283FAD2C00481BB4 /* Debug */ = {
			isa = XCBuildConfiguration;
			buildSettings = {
				ASSETCATALOG_COMPILER_APPICON_NAME = AppIcon;
				ASSETCATALOG_COMPILER_GLOBAL_ACCENT_COLOR_NAME = AccentColor;
				CODE_SIGN_STYLE = Automatic;
				CURRENT_PROJECT_VERSION = 1;
				DEVELOPMENT_TEAM = K945D33793;
				GENERATE_INFOPLIST_FILE = YES;
				INFOPLIST_FILE = PryanikiTest/Info.plist;
				INFOPLIST_KEY_UIApplicationSupportsIndirectInputEvents = YES;
				INFOPLIST_KEY_UILaunchStoryboardName = LaunchScreen;
				INFOPLIST_KEY_UIMainStoryboardFile = Main;
				INFOPLIST_KEY_UISupportedInterfaceOrientations_iPad = "UIInterfaceOrientationPortrait UIInterfaceOrientationPortraitUpsideDown UIInterfaceOrientationLandscapeLeft UIInterfaceOrientationLandscapeRight";
				INFOPLIST_KEY_UISupportedInterfaceOrientations_iPhone = "UIInterfaceOrientationPortrait UIInterfaceOrientationLandscapeLeft UIInterfaceOrientationLandscapeRight";
				LD_RUNPATH_SEARCH_PATHS = (
					"$(inherited)",
					"@executable_path/Frameworks",
				);
				MARKETING_VERSION = 1.0;
				PRODUCT_BUNDLE_IDENTIFIER = evstarshov.PryanikiTest;
				PRODUCT_NAME = "$(TARGET_NAME)";
				SWIFT_EMIT_LOC_STRINGS = YES;
				SWIFT_VERSION = 5.0;
				TARGETED_DEVICE_FAMILY = "1,2";
			};
			name = Debug;
		};
		3AAC7E49283FAD2C00481BB4 /* Release */ = {
			isa = XCBuildConfiguration;
			buildSettings = {
				ASSETCATALOG_COMPILER_APPICON_NAME = AppIcon;
				ASSETCATALOG_COMPILER_GLOBAL_ACCENT_COLOR_NAME = AccentColor;
				CODE_SIGN_STYLE = Automatic;
				CURRENT_PROJECT_VERSION = 1;
				DEVELOPMENT_TEAM = K945D33793;
				GENERATE_INFOPLIST_FILE = YES;
				INFOPLIST_FILE = PryanikiTest/Info.plist;
				INFOPLIST_KEY_UIApplicationSupportsIndirectInputEvents = YES;
				INFOPLIST_KEY_UILaunchStoryboardName = LaunchScreen;
				INFOPLIST_KEY_UIMainStoryboardFile = Main;
				INFOPLIST_KEY_UISupportedInterfaceOrientations_iPad = "UIInterfaceOrientationPortrait UIInterfaceOrientationPortraitUpsideDown UIInterfaceOrientationLandscapeLeft UIInterfaceOrientationLandscapeRight";
				INFOPLIST_KEY_UISupportedInterfaceOrientations_iPhone = "UIInterfaceOrientationPortrait UIInterfaceOrientationLandscapeLeft UIInterfaceOrientationLandscapeRight";
				LD_RUNPATH_SEARCH_PATHS = (
					"$(inherited)",
					"@executable_path/Frameworks",
				);
				MARKETING_VERSION = 1.0;
				PRODUCT_BUNDLE_IDENTIFIER = evstarshov.PryanikiTest;
				PRODUCT_NAME = "$(TARGET_NAME)";
				SWIFT_EMIT_LOC_STRINGS = YES;
				SWIFT_VERSION = 5.0;
				TARGETED_DEVICE_FAMILY = "1,2";
			};
			name = Release;
		};
		3AAC7E4B283FAD2C00481BB4 /* Debug */ = {
			isa = XCBuildConfiguration;
			buildSettings = {
				ALWAYS_EMBED_SWIFT_STANDARD_LIBRARIES = YES;
				BUNDLE_LOADER = "$(TEST_HOST)";
				CODE_SIGN_STYLE = Automatic;
				CURRENT_PROJECT_VERSION = 1;
				DEVELOPMENT_TEAM = K945D33793;
				GENERATE_INFOPLIST_FILE = YES;
				IPHONEOS_DEPLOYMENT_TARGET = 15.5;
				MARKETING_VERSION = 1.0;
				PRODUCT_BUNDLE_IDENTIFIER = evstarshov.PryanikiTestTests;
				PRODUCT_NAME = "$(TARGET_NAME)";
				SWIFT_EMIT_LOC_STRINGS = NO;
				SWIFT_VERSION = 5.0;
				TARGETED_DEVICE_FAMILY = "1,2";
				TEST_HOST = "$(BUILT_PRODUCTS_DIR)/PryanikiTest.app/PryanikiTest";
			};
			name = Debug;
		};
		3AAC7E4C283FAD2C00481BB4 /* Release */ = {
			isa = XCBuildConfiguration;
			buildSettings = {
				ALWAYS_EMBED_SWIFT_STANDARD_LIBRARIES = YES;
				BUNDLE_LOADER = "$(TEST_HOST)";
				CODE_SIGN_STYLE = Automatic;
				CURRENT_PROJECT_VERSION = 1;
				DEVELOPMENT_TEAM = K945D33793;
				GENERATE_INFOPLIST_FILE = YES;
				IPHONEOS_DEPLOYMENT_TARGET = 15.5;
				MARKETING_VERSION = 1.0;
				PRODUCT_BUNDLE_IDENTIFIER = evstarshov.PryanikiTestTests;
				PRODUCT_NAME = "$(TARGET_NAME)";
				SWIFT_EMIT_LOC_STRINGS = NO;
				SWIFT_VERSION = 5.0;
				TARGETED_DEVICE_FAMILY = "1,2";
				TEST_HOST = "$(BUILT_PRODUCTS_DIR)/PryanikiTest.app/PryanikiTest";
			};
			name = Release;
		};
		3AAC7E4E283FAD2C00481BB4 /* Debug */ = {
			isa = XCBuildConfiguration;
			buildSettings = {
				ALWAYS_EMBED_SWIFT_STANDARD_LIBRARIES = YES;
				CODE_SIGN_STYLE = Automatic;
				CURRENT_PROJECT_VERSION = 1;
				DEVELOPMENT_TEAM = K945D33793;
				GENERATE_INFOPLIST_FILE = YES;
				MARKETING_VERSION = 1.0;
				PRODUCT_BUNDLE_IDENTIFIER = evstarshov.PryanikiTestUITests;
				PRODUCT_NAME = "$(TARGET_NAME)";
				SWIFT_EMIT_LOC_STRINGS = NO;
				SWIFT_VERSION = 5.0;
				TARGETED_DEVICE_FAMILY = "1,2";
				TEST_TARGET_NAME = PryanikiTest;
			};
			name = Debug;
		};
		3AAC7E4F283FAD2C00481BB4 /* Release */ = {
			isa = XCBuildConfiguration;
			buildSettings = {
				ALWAYS_EMBED_SWIFT_STANDARD_LIBRARIES = YES;
				CODE_SIGN_STYLE = Automatic;
				CURRENT_PROJECT_VERSION = 1;
				DEVELOPMENT_TEAM = K945D33793;
				GENERATE_INFOPLIST_FILE = YES;
				MARKETING_VERSION = 1.0;
				PRODUCT_BUNDLE_IDENTIFIER = evstarshov.PryanikiTestUITests;
				PRODUCT_NAME = "$(TARGET_NAME)";
				SWIFT_EMIT_LOC_STRINGS = NO;
				SWIFT_VERSION = 5.0;
				TARGETED_DEVICE_FAMILY = "1,2";
				TEST_TARGET_NAME = PryanikiTest;
			};
			name = Release;
		};
/* End XCBuildConfiguration section */

/* Begin XCConfigurationList section */
		3AAC7E18283FAD2A00481BB4 /* Build configuration list for PBXProject "PryanikiTest" */ = {
			isa = XCConfigurationList;
			buildConfigurations = (
				3AAC7E45283FAD2C00481BB4 /* Debug */,
				3AAC7E46283FAD2C00481BB4 /* Release */,
			);
			defaultConfigurationIsVisible = 0;
			defaultConfigurationName = Release;
		};
		3AAC7E47283FAD2C00481BB4 /* Build configuration list for PBXNativeTarget "PryanikiTest" */ = {
			isa = XCConfigurationList;
			buildConfigurations = (
				3AAC7E48283FAD2C00481BB4 /* Debug */,
				3AAC7E49283FAD2C00481BB4 /* Release */,
			);
			defaultConfigurationIsVisible = 0;
			defaultConfigurationName = Release;
		};
		3AAC7E4A283FAD2C00481BB4 /* Build configuration list for PBXNativeTarget "PryanikiTestTests" */ = {
			isa = XCConfigurationList;
			buildConfigurations = (
				3AAC7E4B283FAD2C00481BB4 /* Debug */,
				3AAC7E4C283FAD2C00481BB4 /* Release */,
			);
			defaultConfigurationIsVisible = 0;
			defaultConfigurationName = Release;
		};
		3AAC7E4D283FAD2C00481BB4 /* Build configuration list for PBXNativeTarget "PryanikiTestUITests" */ = {
			isa = XCConfigurationList;
			buildConfigurations = (
				3AAC7E4E283FAD2C00481BB4 /* Debug */,
				3AAC7E4F283FAD2C00481BB4 /* Release */,
			);
			defaultConfigurationIsVisible = 0;
			defaultConfigurationName = Release;
		};
/* End XCConfigurationList section */

/* Begin XCRemoteSwiftPackageReference section */
		3AAC7E57283FAF0600481BB4 /* XCRemoteSwiftPackageReference "Alamofire" */ = {
			isa = XCRemoteSwiftPackageReference;
			repositoryURL = "https://github.com/Alamofire/Alamofire";
			requirement = {
				kind = upToNextMajorVersion;
				minimumVersion = 5.0.0;
			};
		};
		3AC7220D283FDD1C000AD5EF /* XCRemoteSwiftPackageReference "SwiftyJSON" */ = {
			isa = XCRemoteSwiftPackageReference;
			repositoryURL = "https://github.com/SwiftyJSON/SwiftyJSON";
			requirement = {
				kind = upToNextMajorVersion;
				minimumVersion = 5.0.0;
			};
		};
/* End XCRemoteSwiftPackageReference section */

/* Begin XCSwiftPackageProductDependency section */
		3AAC7E58283FAF0600481BB4 /* Alamofire */ = {
			isa = XCSwiftPackageProductDependency;
			package = 3AAC7E57283FAF0600481BB4 /* XCRemoteSwiftPackageReference "Alamofire" */;
			productName = Alamofire;
		};
		3AC7220E283FDD1C000AD5EF /* SwiftyJSON */ = {
			isa = XCSwiftPackageProductDependency;
			package = 3AC7220D283FDD1C000AD5EF /* XCRemoteSwiftPackageReference "SwiftyJSON" */;
			productName = SwiftyJSON;
		};
/* End XCSwiftPackageProductDependency section */
	};
	rootObject = 3AAC7E15283FAD2A00481BB4 /* Project object */;
}
